Microsoft Visual Studio Solution File, Format Version 12.00
# Visual Studio Version 17
VisualStudioVersion = 17.5.2.0
MinimumVisualStudioVersion = 10.0.40219.1
Project("{2150E333-8FDC-42A3-9474-1A3956D46DE8}") = "Dotnet", "Dotnet", "{71E6E750-85FD-B5BC-4321-E01377EC6231}"
EndProject
Project("{FAE04EC0-301F-11D3-BF4B-00C04F79EFBC}") = "MvcMovie", "Dotnet\MvcMovie\MvcMovie.csproj", "{5AB52931-F68D-9182-7E4A-C9E5A3141626}"
EndProject
Global
	GlobalSection(SolutionConfigurationPlatforms) = preSolution
		Debug|Any CPU = Debug|Any CPU
		Release|Any CPU = Release|Any CPU
	EndGlobalSection
	GlobalSection(ProjectConfigurationPlatforms) = postSolution
		{5AB52931-F68D-9182-7E4A-C9E5A3141626}.Debug|Any CPU.ActiveCfg = Debug|Any CPU
		{5AB52931-F68D-9182-7E4A-C9E5A3141626}.Debug|Any CPU.Build.0 = Debug|Any CPU
		{5AB52931-F68D-9182-7E4A-C9E5A3141626}.Release|Any CPU.ActiveCfg = Release|Any CPU
		{5AB52931-F68D-9182-7E4A-C9E5A3141626}.Release|Any CPU.Build.0 = Release|Any CPU
	EndGlobalSection
	GlobalSection(SolutionProperties) = preSolution
		HideSolutionNode = FALSE
	EndGlobalSection
	GlobalSection(NestedProjects) = preSolution
		{5AB52931-F68D-9182-7E4A-C9E5A3141626} = {71E6E750-85FD-B5BC-4321-E01377EC6231}
	EndGlobalSection
	GlobalSection(ExtensibilityGlobals) = postSolution
		SolutionGuid = {06E43C96-A320-4866-A651-291706F4355B}
	EndGlobalSection
EndGlobal
